// !$*UTF8*$!
{
	archiveVersion = 1;
	classes = {
	};
	objectVersion = 46;
	objects = {

/* Begin PBXBuildFile section */
		430355181EA5A769007330A9 /* Participant.swift in Sources */ = {isa = PBXBuildFile; fileRef = 430355171EA5A769007330A9 /* Participant.swift */; };
		4303551A1EA5CC97007330A9 /* Activity.swift in Sources */ = {isa = PBXBuildFile; fileRef = 430355191EA5CC97007330A9 /* Activity.swift */; };
		4303551C1EA5CDFD007330A9 /* ActivityLog.swift in Sources */ = {isa = PBXBuildFile; fileRef = 4303551B1EA5CDFD007330A9 /* ActivityLog.swift */; };
		4303551E1EA5CF8A007330A9 /* AudioRecordingViewController.swift in Sources */ = {isa = PBXBuildFile; fileRef = 4303551D1EA5CF8A007330A9 /* AudioRecordingViewController.swift */; };
		430755BA1EB0128100A855AD /* activities.json in Resources */ = {isa = PBXBuildFile; fileRef = 430755B91EB0128100A855AD /* activities.json */; };
		893583C71EA5591900EB9D51 /* AppDelegate.swift in Sources */ = {isa = PBXBuildFile; fileRef = 893583C61EA5591900EB9D51 /* AppDelegate.swift */; };
		893583CC1EA5591900EB9D51 /* Main.storyboard in Resources */ = {isa = PBXBuildFile; fileRef = 893583CA1EA5591900EB9D51 /* Main.storyboard */; };
		893583CE1EA5591900EB9D51 /* Assets.xcassets in Resources */ = {isa = PBXBuildFile; fileRef = 893583CD1EA5591900EB9D51 /* Assets.xcassets */; };
		893583D11EA5591900EB9D51 /* LaunchScreen.storyboard in Resources */ = {isa = PBXBuildFile; fileRef = 893583CF1EA5591900EB9D51 /* LaunchScreen.storyboard */; };
		C6AF565A1FD7ACAB00C27413 /* EndSound.wav in Resources */ = {isa = PBXBuildFile; fileRef = C6AF56591FD7ACAB00C27413 /* EndSound.wav */; };
		C6AF565C1FD9E99D00C27413 /* StartSound.wav in Resources */ = {isa = PBXBuildFile; fileRef = C6AF565B1FD9E99C00C27413 /* StartSound.wav */; };
		F4640D5F1EAED97200DC02E2 /* ActivityCell.swift in Sources */ = {isa = PBXBuildFile; fileRef = F4640D5C1EAED97200DC02E2 /* ActivityCell.swift */; };
		F4640D601EAED97200DC02E2 /* ActivityCollectionViewController.swift in Sources */ = {isa = PBXBuildFile; fileRef = F4640D5D1EAED97200DC02E2 /* ActivityCollectionViewController.swift */; };
		F4640D611EAED97200DC02E2 /* InstructionsViewController.swift in Sources */ = {isa = PBXBuildFile; fileRef = F4640D5E1EAED97200DC02E2 /* InstructionsViewController.swift */; };
		F4640D631EAED97900DC02E2 /* LoginViewController.swift in Sources */ = {isa = PBXBuildFile; fileRef = F4640D621EAED97900DC02E2 /* LoginViewController.swift */; };
		F4640D651EB15E9500DC02E2 /* ReflectionViewController.swift in Sources */ = {isa = PBXBuildFile; fileRef = F4640D641EB15E9500DC02E2 /* ReflectionViewController.swift */; };
/* End PBXBuildFile section */

/* Begin PBXFileReference section */
		430355171EA5A769007330A9 /* Participant.swift */ = {isa = PBXFileReference; fileEncoding = 4; lastKnownFileType = sourcecode.swift; path = Participant.swift; sourceTree = "<group>"; };
		430355191EA5CC97007330A9 /* Activity.swift */ = {isa = PBXFileReference; fileEncoding = 4; lastKnownFileType = sourcecode.swift; path = Activity.swift; sourceTree = "<group>"; };
		4303551B1EA5CDFD007330A9 /* ActivityLog.swift */ = {isa = PBXFileReference; fileEncoding = 4; lastKnownFileType = sourcecode.swift; path = ActivityLog.swift; sourceTree = "<group>"; };
		4303551D1EA5CF8A007330A9 /* AudioRecordingViewController.swift */ = {isa = PBXFileReference; fileEncoding = 4; lastKnownFileType = sourcecode.swift; path = AudioRecordingViewController.swift; sourceTree = "<group>"; };
		430755B91EB0128100A855AD /* activities.json */ = {isa = PBXFileReference; fileEncoding = 4; lastKnownFileType = text.json; path = activities.json; sourceTree = "<group>"; };
		893583C31EA5591900EB9D51 /* Social Inclusion App.app */ = {isa = PBXFileReference; explicitFileType = wrapper.application; includeInIndex = 0; path = "Social Inclusion App.app"; sourceTree = BUILT_PRODUCTS_DIR; };
		893583C61EA5591900EB9D51 /* AppDelegate.swift */ = {isa = PBXFileReference; lastKnownFileType = sourcecode.swift; path = AppDelegate.swift; sourceTree = "<group>"; };
		893583CB1EA5591900EB9D51 /* Base */ = {isa = PBXFileReference; lastKnownFileType = file.storyboard; name = Base; path = Base.lproj/Main.storyboard; sourceTree = "<group>"; };
		893583CD1EA5591900EB9D51 /* Assets.xcassets */ = {isa = PBXFileReference; lastKnownFileType = folder.assetcatalog; path = Assets.xcassets; sourceTree = "<group>"; };
		893583D01EA5591900EB9D51 /* Base */ = {isa = PBXFileReference; lastKnownFileType = file.storyboard; name = Base; path = Base.lproj/LaunchScreen.storyboard; sourceTree = "<group>"; };
		893583D21EA5591900EB9D51 /* Info.plist */ = {isa = PBXFileReference; lastKnownFileType = text.plist.xml; path = Info.plist; sourceTree = "<group>"; };
		C603C4601FC209B400205099 /* MessageUI.framework */ = {isa = PBXFileReference; lastKnownFileType = wrapper.framework; name = MessageUI.framework; path = System/Library/Frameworks/MessageUI.framework; sourceTree = SDKROOT; };
		C6AF56591FD7ACAB00C27413 /* EndSound.wav */ = {isa = PBXFileReference; lastKnownFileType = audio.wav; name = EndSound.wav; path = ../../../../Desktop/EndSound.wav; sourceTree = "<group>"; };
		C6AF565B1FD9E99C00C27413 /* StartSound.wav */ = {isa = PBXFileReference; lastKnownFileType = audio.wav; name = StartSound.wav; path = ../../../StartSound.wav; sourceTree = "<group>"; };
		F4640D5C1EAED97200DC02E2 /* ActivityCell.swift */ = {isa = PBXFileReference; fileEncoding = 4; lastKnownFileType = sourcecode.swift; path = ActivityCell.swift; sourceTree = "<group>"; };
		F4640D5D1EAED97200DC02E2 /* ActivityCollectionViewController.swift */ = {isa = PBXFileReference; fileEncoding = 4; lastKnownFileType = sourcecode.swift; path = ActivityCollectionViewController.swift; sourceTree = "<group>"; };
		F4640D5E1EAED97200DC02E2 /* InstructionsViewController.swift */ = {isa = PBXFileReference; fileEncoding = 4; lastKnownFileType = sourcecode.swift; path = InstructionsViewController.swift; sourceTree = "<group>"; };
		F4640D621EAED97900DC02E2 /* LoginViewController.swift */ = {isa = PBXFileReference; fileEncoding = 4; lastKnownFileType = sourcecode.swift; path = LoginViewController.swift; sourceTree = "<group>"; };
		F4640D641EB15E9500DC02E2 /* ReflectionViewController.swift */ = {isa = PBXFileReference; fileEncoding = 4; lastKnownFileType = sourcecode.swift; path = ReflectionViewController.swift; sourceTree = "<group>"; };
/* End PBXFileReference section */

/* Begin PBXFrameworksBuildPhase section */
		893583C01EA5591900EB9D51 /* Frameworks */ = {
			isa = PBXFrameworksBuildPhase;
			buildActionMask = 2147483647;
			files = (
			);
			runOnlyForDeploymentPostprocessing = 0;
		};
/* End PBXFrameworksBuildPhase section */

/* Begin PBXGroup section */
		893583BA1EA5591900EB9D51 = {
			isa = PBXGroup;
			children = (
				893583C51EA5591900EB9D51 /* Social Inclusion App */,
				893583C41EA5591900EB9D51 /* Products */,
				C603C45F1FC209B400205099 /* Frameworks */,
			);
			sourceTree = "<group>";
		};
		893583C41EA5591900EB9D51 /* Products */ = {
			isa = PBXGroup;
			children = (
				893583C31EA5591900EB9D51 /* Social Inclusion App.app */,
			);
			name = Products;
			sourceTree = "<group>";
		};
		893583C51EA5591900EB9D51 /* Social Inclusion App */ = {
			isa = PBXGroup;
			children = (
				430755B91EB0128100A855AD /* activities.json */,
				F4640D621EAED97900DC02E2 /* LoginViewController.swift */,
				F4640D5C1EAED97200DC02E2 /* ActivityCell.swift */,
				F4640D5D1EAED97200DC02E2 /* ActivityCollectionViewController.swift */,
				F4640D5E1EAED97200DC02E2 /* InstructionsViewController.swift */,
				893583C61EA5591900EB9D51 /* AppDelegate.swift */,
				893583CA1EA5591900EB9D51 /* Main.storyboard */,
				F4640D641EB15E9500DC02E2 /* ReflectionViewController.swift */,
				4303551D1EA5CF8A007330A9 /* AudioRecordingViewController.swift */,
				430355171EA5A769007330A9 /* Participant.swift */,
				430355191EA5CC97007330A9 /* Activity.swift */,
				4303551B1EA5CDFD007330A9 /* ActivityLog.swift */,
				893583CD1EA5591900EB9D51 /* Assets.xcassets */,
				893583CF1EA5591900EB9D51 /* LaunchScreen.storyboard */,
				893583D21EA5591900EB9D51 /* Info.plist */,
				C6AF565B1FD9E99C00C27413 /* StartSound.wav */,
				C6AF56591FD7ACAB00C27413 /* EndSound.wav */,
			);
			path = "Social Inclusion App";
			sourceTree = "<group>";
		};
		C603C45F1FC209B400205099 /* Frameworks */ = {
			isa = PBXGroup;
			children = (
				C603C4601FC209B400205099 /* MessageUI.framework */,
			);
			name = Frameworks;
			sourceTree = "<group>";
		};
/* End PBXGroup section */

/* Begin PBXNativeTarget section */
		893583C21EA5591900EB9D51 /* Social Inclusion App */ = {
			isa = PBXNativeTarget;
			buildConfigurationList = 893583D51EA5591900EB9D51 /* Build configuration list for PBXNativeTarget "Social Inclusion App" */;
			buildPhases = (
				893583BF1EA5591900EB9D51 /* Sources */,
				893583C01EA5591900EB9D51 /* Frameworks */,
				893583C11EA5591900EB9D51 /* Resources */,
			);
			buildRules = (
			);
			dependencies = (
			);
			name = "Social Inclusion App";
			productName = "Social Inclusion App";
			productReference = 893583C31EA5591900EB9D51 /* Social Inclusion App.app */;
			productType = "com.apple.product-type.application";
		};
/* End PBXNativeTarget section */

/* Begin PBXProject section */
		893583BB1EA5591900EB9D51 /* Project object */ = {
			isa = PBXProject;
			attributes = {
				LastSwiftUpdateCheck = 0820;
				LastUpgradeCheck = 0820;
				ORGANIZATIONNAME = "Maryville Information Systems";
				TargetAttributes = {
					893583C21EA5591900EB9D51 = {
						CreatedOnToolsVersion = 8.2.1;
						DevelopmentTeam = PL5L36Z2JF;
						ProvisioningStyle = Automatic;
					};
				};
			};
			buildConfigurationList = 893583BE1EA5591900EB9D51 /* Build configuration list for PBXProject "Social Inclusion App" */;
			compatibilityVersion = "Xcode 3.2";
			developmentRegion = English;
			hasScannedForEncodings = 0;
			knownRegions = (
				en,
				Base,
			);
			mainGroup = 893583BA1EA5591900EB9D51;
			productRefGroup = 893583C41EA5591900EB9D51 /* Products */;
			projectDirPath = "";
			projectRoot = "";
			targets = (
				893583C21EA5591900EB9D51 /* Social Inclusion App */,
			);
		};
/* End PBXProject section */

/* Begin PBXResourcesBuildPhase section */
		893583C11EA5591900EB9D51 /* Resources */ = {
			isa = PBXResourcesBuildPhase;
			buildActionMask = 2147483647;
			files = (
				430755BA1EB0128100A855AD /* activities.json in Resources */,
				893583D11EA5591900EB9D51 /* LaunchScreen.storyboard in Resources */,
				C6AF565C1FD9E99D00C27413 /* StartSound.wav in Resources */,
				893583CE1EA5591900EB9D51 /* Assets.xcassets in Resources */,
				C6AF565A1FD7ACAB00C27413 /* EndSound.wav in Resources */,
				893583CC1EA5591900EB9D51 /* Main.storyboard in Resources */,
			);
			runOnlyForDeploymentPostprocessing = 0;
		};
/* End PBXResourcesBuildPhase section */

/* Begin PBXSourcesBuildPhase section */
		893583BF1EA5591900EB9D51 /* Sources */ = {
			isa = PBXSourcesBuildPhase;
			buildActionMask = 2147483647;
			files = (
				4303551C1EA5CDFD007330A9 /* ActivityLog.swift in Sources */,
				F4640D601EAED97200DC02E2 /* ActivityCollectionViewController.swift in Sources */,
				F4640D611EAED97200DC02E2 /* InstructionsViewController.swift in Sources */,
				893583C71EA5591900EB9D51 /* AppDelegate.swift in Sources */,
				4303551E1EA5CF8A007330A9 /* AudioRecordingViewController.swift in Sources */,
				F4640D5F1EAED97200DC02E2 /* ActivityCell.swift in Sources */,
				4303551A1EA5CC97007330A9 /* Activity.swift in Sources */,
				F4640D651EB15E9500DC02E2 /* ReflectionViewController.swift in Sources */,
				F4640D631EAED97900DC02E2 /* LoginViewController.swift in Sources */,
				430355181EA5A769007330A9 /* Participant.swift in Sources */,
			);
			runOnlyForDeploymentPostprocessing = 0;
		};
/* End PBXSourcesBuildPhase section */

/* Begin PBXVariantGroup section */
		893583CA1EA5591900EB9D51 /* Main.storyboard */ = {
			isa = PBXVariantGroup;
			children = (
				893583CB1EA5591900EB9D51 /* Base */,
			);
			name = Main.storyboard;
			sourceTree = "<group>";
		};
		893583CF1EA5591900EB9D51 /* LaunchScreen.storyboard */ = {
			isa = PBXVariantGroup;
			children = (
				893583D01EA5591900EB9D51 /* Base */,
			);
			name = LaunchScreen.storyboard;
			sourceTree = "<group>";
		};
/* End PBXVariantGroup section */

/* Begin XCBuildConfiguration section */
		893583D31EA5591900EB9D51 /* Debug */ = {
			isa = XCBuildConfiguration;
			buildSettings = {
				ALWAYS_SEARCH_USER_PATHS = NO;
				CLANG_ANALYZER_NONNULL = YES;
				CLANG_CXX_LANGUAGE_STANDARD = "gnu++0x";
				CLANG_CXX_LIBRARY = "libc++";
				CLANG_ENABLE_MODULES = YES;
				CLANG_ENABLE_OBJC_ARC = YES;
				CLANG_WARN_BOOL_CONVERSION = YES;
				CLANG_WARN_CONSTANT_CONVERSION = YES;
				CLANG_WARN_DIRECT_OBJC_ISA_USAGE = YES_ERROR;
				CLANG_WARN_DOCUMENTATION_COMMENTS = YES;
				CLANG_WARN_EMPTY_BODY = YES;
				CLANG_WARN_ENUM_CONVERSION = YES;
				CLANG_WARN_INFINITE_RECURSION = YES;
				CLANG_WARN_INT_CONVERSION = YES;
				CLANG_WARN_OBJC_ROOT_CLASS = YES_ERROR;
				CLANG_WARN_SUSPICIOUS_MOVE = YES;
				CLANG_WARN_UNREACHABLE_CODE = YES;
				CLANG_WARN__DUPLICATE_METHOD_MATCH = YES;
				"CODE_SIGN_IDENTITY[sdk=iphoneos*]" = "iPhone Developer";
				COPY_PHASE_STRIP = NO;
				DEBUG_INFORMATION_FORMAT = dwarf;
				ENABLE_STRICT_OBJC_MSGSEND = YES;
				ENABLE_TESTABILITY = YES;
				GCC_C_LANGUAGE_STANDARD = gnu99;
				GCC_DYNAMIC_NO_PIC = NO;
				GCC_NO_COMMON_BLOCKS = YES;
				GCC_OPTIMIZATION_LEVEL = 0;
				GCC_PREPROCESSOR_DEFINITIONS = (
					"DEBUG=1",
					"$(inherited)",
				);
				GCC_WARN_64_TO_32_BIT_CONVERSION = YES;
				GCC_WARN_ABOUT_RETURN_TYPE = YES_ERROR;
				GCC_WARN_UNDECLARED_SELECTOR = YES;
				GCC_WARN_UNINITIALIZED_AUTOS = YES_AGGRESSIVE;
				GCC_WARN_UNUSED_FUNCTION = YES;
				GCC_WARN_UNUSED_VARIABLE = YES;
				IPHONEOS_DEPLOYMENT_TARGET = 10.0;
				MTL_ENABLE_DEBUG_INFO = YES;
				ONLY_ACTIVE_ARCH = YES;
				SDKROOT = iphoneos;
				SWIFT_ACTIVE_COMPILATION_CONDITIONS = DEBUG;
				SWIFT_OPTIMIZATION_LEVEL = "-Onone";
				TARGETED_DEVICE_FAMILY = "1,2";
			};
			name = Debug;
		};
		893583D41EA5591900EB9D51 /* Release */ = {
			isa = XCBuildConfiguration;
			buildSettings = {
				ALWAYS_SEARCH_USER_PATHS = NO;
				CLANG_ANALYZER_NONNULL = YES;
				CLANG_CXX_LANGUAGE_STANDARD = "gnu++0x";
				CLANG_CXX_LIBRARY = "libc++";
				CLANG_ENABLE_MODULES = YES;
				CLANG_ENABLE_OBJC_ARC = YES;
				CLANG_WARN_BOOL_CONVERSION = YES;
				CLANG_WARN_CONSTANT_CONVERSION = YES;
				CLANG_WARN_DIRECT_OBJC_ISA_USAGE = YES_ERROR;
				CLANG_WARN_DOCUMENTATION_COMMENTS = YES;
				CLANG_WARN_EMPTY_BODY = YES;
				CLANG_WARN_ENUM_CONVERSION = YES;
				CLANG_WARN_INFINITE_RECURSION = YES;
				CLANG_WARN_INT_CONVERSION = YES;
				CLANG_WARN_OBJC_ROOT_CLASS = YES_ERROR;
				CLANG_WARN_SUSPICIOUS_MOVE = YES;
				CLANG_WARN_UNREACHABLE_CODE = YES;
				CLANG_WARN__DUPLICATE_METHOD_MATCH = YES;
				"CODE_SIGN_IDENTITY[sdk=iphoneos*]" = "iPhone Developer";
				COPY_PHASE_STRIP = NO;
				DEBUG_INFORMATION_FORMAT = "dwarf-with-dsym";
				ENABLE_NS_ASSERTIONS = NO;
				ENABLE_STRICT_OBJC_MSGSEND = YES;
				GCC_C_LANGUAGE_STANDARD = gnu99;
				GCC_NO_COMMON_BLOCKS = YES;
				GCC_WARN_64_TO_32_BIT_CONVERSION = YES;
				GCC_WARN_ABOUT_RETURN_TYPE = YES_ERROR;
				GCC_WARN_UNDECLARED_SELECTOR = YES;
				GCC_WARN_UNINITIALIZED_AUTOS = YES_AGGRESSIVE;
				GCC_WARN_UNUSED_FUNCTION = YES;
				GCC_WARN_UNUSED_VARIABLE = YES;
				IPHONEOS_DEPLOYMENT_TARGET = 10.0;
				MTL_ENABLE_DEBUG_INFO = NO;
				SDKROOT = iphoneos;
				SWIFT_OPTIMIZATION_LEVEL = "-Owholemodule";
				TARGETED_DEVICE_FAMILY = "1,2";
				VALIDATE_PRODUCT = YES;
			};
			name = Release;
		};
		893583D61EA5591900EB9D51 /* Debug */ = {
			isa = XCBuildConfiguration;
			buildSettings = {
				ASSETCATALOG_COMPILER_APPICON_NAME = AppIcon;
				DEVELOPMENT_TEAM = PL5L36Z2JF;
				INFOPLIST_FILE = "Social Inclusion App/Info.plist";
				IPHONEOS_DEPLOYMENT_TARGET = 9.2;
				LD_RUNPATH_SEARCH_PATHS = "$(inherited) @executable_path/Frameworks";
				PRODUCT_BUNDLE_IDENTIFIER = "edu.maryville.swdv.Social-Inclusion-App";
				PRODUCT_NAME = "$(TARGET_NAME)";
				SWIFT_VERSION = 3.0;
			};
			name = Debug;
		};
		893583D71EA5591900EB9D51 /* Release */ = {
			isa = XCBuildConfiguration;
			buildSettings = {
				ASSETCATALOG_COMPILER_APPICON_NAME = AppIcon;
				DEVELOPMENT_TEAM = PL5L36Z2JF;
				INFOPLIST_FILE = "Social Inclusion App/Info.plist";
				IPHONEOS_DEPLOYMENT_TARGET = 9.2;
				LD_RUNPATH_SEARCH_PATHS = "$(inherited) @executable_path/Frameworks";
				PRODUCT_BUNDLE_IDENTIFIER = "edu.maryville.swdv.Social-Inclusion-App";
				PRODUCT_NAME = "$(TARGET_NAME)";
				SWIFT_VERSION = 3.0;
			};
			name = Release;
		};
/* End XCBuildConfiguration section */

/* Begin XCConfigurationList section */
		893583BE1EA5591900EB9D51 /* Build configuration list for PBXProject "Social Inclusion App" */ = {
			isa = XCConfigurationList;
			buildConfigurations = (
				893583D31EA5591900EB9D51 /* Debug */,
				893583D41EA5591900EB9D51 /* Release */,
			);
			defaultConfigurationIsVisible = 0;
			defaultConfigurationName = Release;
		};
		893583D51EA5591900EB9D51 /* Build configuration list for PBXNativeTarget "Social Inclusion App" */ = {
			isa = XCConfigurationList;
			buildConfigurations = (
				893583D61EA5591900EB9D51 /* Debug */,
				893583D71EA5591900EB9D51 /* Release */,
			);
			defaultConfigurationIsVisible = 0;
			defaultConfigurationName = Release;
		};
/* End XCConfigurationList section */
	};
	rootObject = 893583BB1EA5591900EB9D51 /* Project object */;
}
